
Microsoft Visual Studio Solution File, Format Version 12.00
# Visual Studio Version 17
VisualStudioVersion = 17.5.33627.172
MinimumVisualStudioVersion = 10.0.40219.1
Project("{FAE04EC0-301F-11D3-BF4B-00C04F79EFBC}") = "DoLoop", "DoLoop\DoLoop.csproj", "{AE6C7CEA-C7E0-4264-AE6D-38B59EC4F11B}"
EndProject
Global
	GlobalSection(SolutionConfigurationPlatforms) = preSolution
		Debug|Any CPU = Debug|Any CPU
		Release|Any CPU = Release|Any CPU
	EndGlobalSection
	GlobalSection(ProjectConfigurationPlatforms) = postSolution
		{AE6C7CEA-C7E0-4264-AE6D-38B59EC4F11B}.Debug|Any CPU.ActiveCfg = Debug|Any CPU
		{AE6C7CEA-C7E0-4264-AE6D-38B59EC4F11B}.Debug|Any CPU.Build.0 = Debug|Any CPU
		{AE6C7CEA-C7E0-4264-AE6D-38B59EC4F11B}.Release|Any CPU.ActiveCfg = Release|Any CPU
		{AE6C7CEA-C7E0-4264-AE6D-38B59EC4F11B}.Release|Any CPU.Build.0 = Release|Any CPU
	EndGlobalSection
	GlobalSection(SolutionProperties) = preSolution
		HideSolutionNode = FALSE
	EndGlobalSection
	GlobalSection(ExtensibilityGlobals) = postSolution
		SolutionGuid = {BDA03544-153A-45BE-9C8C-852671E0D629}
	EndGlobalSection
EndGlobal
